
Microsoft Visual Studio Solution File, Format Version 12.00
# Visual Studio Version 17
VisualStudioVersion = 17.1.32210.238
MinimumVisualStudioVersion = 10.0.40219.1
Project("{8BC9CEB8-8B4A-11D0-8D11-00A0C91BC942}") = "CogNote", "CogNote\CogNote.vcxproj", "{AAB93B07-A05E-4EB2-9533-1F2B13712661}"
	ProjectSection(ProjectDependencies) = postProject
		{84FC1A56-C93B-4014-81E4-3D7F70D6EE66} = {84FC1A56-C93B-4014-81E4-3D7F70D6EE66}
		{DE76EFB0-0028-418F-92FB-B3EB573F1035} = {DE76EFB0-0028-418F-92FB-B3EB573F1035}
		{B1FBDFF6-6CDA-40A1-AC21-D9BD8D504B06} = {B1FBDFF6-6CDA-40A1-AC21-D9BD8D504B06}
	EndProjectSection
EndProject
Project("{8BC9CEB8-8B4A-11D0-8D11-00A0C91BC942}") = "WndDesign", "..\WndDesign\WndDesign\WndDesign.vcxproj", "{84FC1A56-C93B-4014-81E4-3D7F70D6EE66}"
EndProject
Project("{8BC9CEB8-8B4A-11D0-8D11-00A0C91BC942}") = "BlockStore", "..\BlockStore\BlockStore\BlockStore.vcxproj", "{DE76EFB0-0028-418F-92FB-B3EB573F1035}"
EndProject
Project("{8BC9CEB8-8B4A-11D0-8D11-00A0C91BC942}") = "Sqlite3", "D:\source\Sqlite3\Sqlite3.vcxproj", "{B1FBDFF6-6CDA-40A1-AC21-D9BD8D504B06}"
EndProject
Global
	GlobalSection(SolutionConfigurationPlatforms) = preSolution
		Debug|x64 = Debug|x64
		Debug|x86 = Debug|x86
		Release|x64 = Release|x64
		Release|x86 = Release|x86
	EndGlobalSection
	GlobalSection(ProjectConfigurationPlatforms) = postSolution
		{AAB93B07-A05E-4EB2-9533-1F2B13712661}.Debug|x64.ActiveCfg = Debug|x64
		{AAB93B07-A05E-4EB2-9533-1F2B13712661}.Debug|x64.Build.0 = Debug|x64
		{AAB93B07-A05E-4EB2-9533-1F2B13712661}.Debug|x86.ActiveCfg = Debug|Win32
		{AAB93B07-A05E-4EB2-9533-1F2B13712661}.Debug|x86.Build.0 = Debug|Win32
		{AAB93B07-A05E-4EB2-9533-1F2B13712661}.Release|x64.ActiveCfg = Release|x64
		{AAB93B07-A05E-4EB2-9533-1F2B13712661}.Release|x64.Build.0 = Release|x64
		{AAB93B07-A05E-4EB2-9533-1F2B13712661}.Release|x86.ActiveCfg = Release|Win32
		{AAB93B07-A05E-4EB2-9533-1F2B13712661}.Release|x86.Build.0 = Release|Win32
		{84FC1A56-C93B-4014-81E4-3D7F70D6EE66}.Debug|x64.ActiveCfg = Debug|x64
		{84FC1A56-C93B-4014-81E4-3D7F70D6EE66}.Debug|x64.Build.0 = Debug|x64
		{84FC1A56-C93B-4014-81E4-3D7F70D6EE66}.Debug|x86.ActiveCfg = Debug|Win32
		{84FC1A56-C93B-4014-81E4-3D7F70D6EE66}.Debug|x86.Build.0 = Debug|Win32
		{84FC1A56-C93B-4014-81E4-3D7F70D6EE66}.Release|x64.ActiveCfg = Release|x64
		{84FC1A56-C93B-4014-81E4-3D7F70D6EE66}.Release|x64.Build.0 = Release|x64
		{84FC1A56-C93B-4014-81E4-3D7F70D6EE66}.Release|x86.ActiveCfg = Release|Win32
		{84FC1A56-C93B-4014-81E4-3D7F70D6EE66}.Release|x86.Build.0 = Release|Win32
		{DE76EFB0-0028-418F-92FB-B3EB573F1035}.Debug|x64.ActiveCfg = Debug|x64
		{DE76EFB0-0028-418F-92FB-B3EB573F1035}.Debug|x64.Build.0 = Debug|x64
		{DE76EFB0-0028-418F-92FB-B3EB573F1035}.Debug|x86.ActiveCfg = Debug|Win32
		{DE76EFB0-0028-418F-92FB-B3EB573F1035}.Debug|x86.Build.0 = Debug|Win32
		{DE76EFB0-0028-418F-92FB-B3EB573F1035}.Release|x64.ActiveCfg = Release|x64
		{DE76EFB0-0028-418F-92FB-B3EB573F1035}.Release|x64.Build.0 = Release|x64
		{DE76EFB0-0028-418F-92FB-B3EB573F1035}.Release|x86.ActiveCfg = Release|Win32
		{DE76EFB0-0028-418F-92FB-B3EB573F1035}.Release|x86.Build.0 = Release|Win32
		{B1FBDFF6-6CDA-40A1-AC21-D9BD8D504B06}.Debug|x64.ActiveCfg = Debug|x64
		{B1FBDFF6-6CDA-40A1-AC21-D9BD8D504B06}.Debug|x64.Build.0 = Debug|x64
		{B1FBDFF6-6CDA-40A1-AC21-D9BD8D504B06}.Debug|x86.ActiveCfg = Debug|Win32
		{B1FBDFF6-6CDA-40A1-AC21-D9BD8D504B06}.Debug|x86.Build.0 = Debug|Win32
		{B1FBDFF6-6CDA-40A1-AC21-D9BD8D504B06}.Release|x64.ActiveCfg = Release|x64
		{B1FBDFF6-6CDA-40A1-AC21-D9BD8D504B06}.Release|x64.Build.0 = Release|x64
		{B1FBDFF6-6CDA-40A1-AC21-D9BD8D504B06}.Release|x86.ActiveCfg = Release|Win32
		{B1FBDFF6-6CDA-40A1-AC21-D9BD8D504B06}.Release|x86.Build.0 = Release|Win32
	EndGlobalSection
	GlobalSection(SolutionProperties) = preSolution
		HideSolutionNode = FALSE
	EndGlobalSection
	GlobalSection(ExtensibilityGlobals) = postSolution
		SolutionGuid = {EC826CB3-1042-4EAB-AAF3-8A118A6C721A}
	EndGlobalSection
EndGlobal
